{
  "originHash" : "ab3a3d0cda131d816f850aad5c25b2e4f0cf86dddc4fac51555d47a3821d0c6d",
  "pins" : [
    {
      "identity" : "kvsimd.swift",
      "kind" : "remoteSourceControl",
      "location" : "https://github.com/keyvariable/kvSIMD.swift.git",
      "state" : {
        "revision" : "d95f3590b28ffc35c51d570a521daea1ce74e490",
        "version" : "1.1.0"
      }
    }
  ],
  "version" : 3
}
