{
  "originHash" : "502d2ee9cca941e0f810524876e816a60275dd7ff0492447a4016568af8ba426",
  "pins" : [
    {
      "identity" : "kvsimd.swift",
      "kind" : "remoteSourceControl",
      "location" : "https://github.com/keyvariable/kvSIMD.swift.git",
      "state" : {
        "revision" : "d95f3590b28ffc35c51d570a521daea1ce74e490",
        "version" : "1.1.0"
      }
    }
  ],
  "version" : 3
}
